
Microsoft Visual Studio Solution File, Format Version 12.00
# Visual Studio Express 2012 for Windows Desktop
Project("{FAE04EC0-301F-11D3-BF4B-00C04F79EFBC}") = "AC Light Dimmer", "AC Light Dimmer\AC Light Dimmer.csproj", "{EB40B3ED-9C9B-49CF-BAE5-94D59AD95E33}"
EndProject
Global
	GlobalSection(SolutionConfigurationPlatforms) = preSolution
		Debug|Any CPU = Debug|Any CPU
		Release|Any CPU = Release|Any CPU
	EndGlobalSection
	GlobalSection(ProjectConfigurationPlatforms) = postSolution
		{EB40B3ED-9C9B-49CF-BAE5-94D59AD95E33}.Debug|Any CPU.ActiveCfg = Debug|Any CPU
		{EB40B3ED-9C9B-49CF-BAE5-94D59AD95E33}.Debug|Any CPU.Build.0 = Debug|Any CPU
		{EB40B3ED-9C9B-49CF-BAE5-94D59AD95E33}.Release|Any CPU.ActiveCfg = Release|Any CPU
		{EB40B3ED-9C9B-49CF-BAE5-94D59AD95E33}.Release|Any CPU.Build.0 = Release|Any CPU
	EndGlobalSection
	GlobalSection(SolutionProperties) = preSolution
		HideSolutionNode = FALSE
	EndGlobalSection
EndGlobal
